
Microsoft Visual Studio Solution File, Format Version 12.00
# Visual Studio 15
VisualStudioVersion = 15.0.28010.2048
MinimumVisualStudioVersion = 10.0.40219.1
Project("{FAE04EC0-301F-11D3-BF4B-00C04F79EFBC}") = "DigitalWare.Apps.Utilities.Gn", "DigitalWare.Apps.Utilities.Gn\DigitalWare.Apps.Utilities.Gn.csproj", "{46D82D84-75FC-4508-994A-5CFE3B81436A}"
EndProject
Global
	GlobalSection(SolutionConfigurationPlatforms) = preSolution
		Debug|Any CPU = Debug|Any CPU
		Release|Any CPU = Release|Any CPU
	EndGlobalSection
	GlobalSection(ProjectConfigurationPlatforms) = postSolution
		{46D82D84-75FC-4508-994A-5CFE3B81436A}.Debug|Any CPU.ActiveCfg = Debug|Any CPU
		{46D82D84-75FC-4508-994A-5CFE3B81436A}.Debug|Any CPU.Build.0 = Debug|Any CPU
		{46D82D84-75FC-4508-994A-5CFE3B81436A}.Release|Any CPU.ActiveCfg = Release|Any CPU
		{46D82D84-75FC-4508-994A-5CFE3B81436A}.Release|Any CPU.Build.0 = Release|Any CPU
	EndGlobalSection
	GlobalSection(SolutionProperties) = preSolution
		HideSolutionNode = FALSE
	EndGlobalSection
	GlobalSection(ExtensibilityGlobals) = postSolution
		SolutionGuid = {72DBAB19-5AFF-425C-A342-3D061A8F313F}
	EndGlobalSection
EndGlobal
